// !$*UTF8*$!
{
	archiveVersion = 1;
	classes = {
	};
	objectVersion = 56;
	objects = {

/* Begin PBXBuildFile section */
		32262E222B10AB510091EC49 /* AppDelegate.swift in Sources */ = {isa = PBXBuildFile; fileRef = 32262E212B10AB510091EC49 /* AppDelegate.swift */; };
		32262E242B10AB510091EC49 /* SceneDelegate.swift in Sources */ = {isa = PBXBuildFile; fileRef = 32262E232B10AB510091EC49 /* SceneDelegate.swift */; };
		32262E262B10AB510091EC49 /* PhotosViewController.swift in Sources */ = {isa = PBXBuildFile; fileRef = 32262E252B10AB510091EC49 /* PhotosViewController.swift */; };
		32262E292B10AB510091EC49 /* Main.storyboard in Resources */ = {isa = PBXBuildFile; fileRef = 32262E272B10AB510091EC49 /* Main.storyboard */; };
		32262E2B2B10AB520091EC49 /* Assets.xcassets in Resources */ = {isa = PBXBuildFile; fileRef = 32262E2A2B10AB520091EC49 /* Assets.xcassets */; };
		32262E2E2B10AB520091EC49 /* LaunchScreen.storyboard in Resources */ = {isa = PBXBuildFile; fileRef = 32262E2C2B10AB520091EC49 /* LaunchScreen.storyboard */; };
		32262E392B10AB530091EC49 /* PhotoramaTests.swift in Sources */ = {isa = PBXBuildFile; fileRef = 32262E382B10AB530091EC49 /* PhotoramaTests.swift */; };
		32262E432B10AB530091EC49 /* PhotoramaUITests.swift in Sources */ = {isa = PBXBuildFile; fileRef = 32262E422B10AB530091EC49 /* PhotoramaUITests.swift */; };
		32262E452B10AB530091EC49 /* PhotoramaUITestsLaunchTests.swift in Sources */ = {isa = PBXBuildFile; fileRef = 32262E442B10AB530091EC49 /* PhotoramaUITestsLaunchTests.swift */; };
		32262E522B10AD1B0091EC49 /* FlickrAPI.swift in Sources */ = {isa = PBXBuildFile; fileRef = 32262E512B10AD1B0091EC49 /* FlickrAPI.swift */; };
		32262E542B10AFC10091EC49 /* PhotoStore.swift in Sources */ = {isa = PBXBuildFile; fileRef = 32262E532B10AFC10091EC49 /* PhotoStore.swift */; };
		32262E562B10B2430091EC49 /* FlickrPhoto.swift in Sources */ = {isa = PBXBuildFile; fileRef = 32262E552B10B2430091EC49 /* FlickrPhoto.swift */; };
		32262E582B10BAC90091EC49 /* PhotoDataSource.swift in Sources */ = {isa = PBXBuildFile; fileRef = 32262E572B10BAC90091EC49 /* PhotoDataSource.swift */; };
		32262E5A2B10BF340091EC49 /* PhotoCollectionViewCell.swift in Sources */ = {isa = PBXBuildFile; fileRef = 32262E592B10BF340091EC49 /* PhotoCollectionViewCell.swift */; };
		32262E5C2B10C31E0091EC49 /* ImageStore.swift in Sources */ = {isa = PBXBuildFile; fileRef = 32262E5B2B10C31E0091EC49 /* ImageStore.swift */; };
		32262E5E2B10C6C90091EC49 /* PhotoInfoViewController.swift in Sources */ = {isa = PBXBuildFile; fileRef = 32262E5D2B10C6C90091EC49 /* PhotoInfoViewController.swift */; };
		328AE80B2B14449100637AD4 /* Photorama.xcdatamodeld in Sources */ = {isa = PBXBuildFile; fileRef = 328AE8092B14449100637AD4 /* Photorama.xcdatamodeld */; };
		328AE80E2B1447EC00637AD4 /* Photo+CoreDataClass.swift in Sources */ = {isa = PBXBuildFile; fileRef = 328AE80C2B1447EC00637AD4 /* Photo+CoreDataClass.swift */; };
		328AE80F2B1447EC00637AD4 /* Photo+CoreDataProperties.swift in Sources */ = {isa = PBXBuildFile; fileRef = 328AE80D2B1447EC00637AD4 /* Photo+CoreDataProperties.swift */; };
/* End PBXBuildFile section */

/* Begin PBXContainerItemProxy section */
		32262E352B10AB530091EC49 /* PBXContainerItemProxy */ = {
			isa = PBXContainerItemProxy;
			containerPortal = 32262E162B10AB510091EC49 /* Project object */;
			proxyType = 1;
			remoteGlobalIDString = 32262E1D2B10AB510091EC49;
			remoteInfo = Photorama;
		};
		32262E3F2B10AB530091EC49 /* PBXContainerItemProxy */ = {
			isa = PBXContainerItemProxy;
			containerPortal = 32262E162B10AB510091EC49 /* Project object */;
			proxyType = 1;
			remoteGlobalIDString = 32262E1D2B10AB510091EC49;
			remoteInfo = Photorama;
		};
/* End PBXContainerItemProxy section */

/* Begin PBXFileReference section */
		32262E1E2B10AB510091EC49 /* Photorama.app */ = {isa = PBXFileReference; explicitFileType = wrapper.application; includeInIndex = 0; path = Photorama.app; sourceTree = BUILT_PRODUCTS_DIR; };
		32262E212B10AB510091EC49 /* AppDelegate.swift */ = {isa = PBXFileReference; lastKnownFileType = sourcecode.swift; path = AppDelegate.swift; sourceTree = "<group>"; };
		32262E232B10AB510091EC49 /* SceneDelegate.swift */ = {isa = PBXFileReference; lastKnownFileType = sourcecode.swift; path = SceneDelegate.swift; sourceTree = "<group>"; };
		32262E252B10AB510091EC49 /* PhotosViewController.swift */ = {isa = PBXFileReference; lastKnownFileType = sourcecode.swift; path = PhotosViewController.swift; sourceTree = "<group>"; };
		32262E282B10AB510091EC49 /* Base */ = {isa = PBXFileReference; lastKnownFileType = file.storyboard; name = Base; path = Base.lproj/Main.storyboard; sourceTree = "<group>"; };
		32262E2A2B10AB520091EC49 /* Assets.xcassets */ = {isa = PBXFileReference; lastKnownFileType = folder.assetcatalog; path = Assets.xcassets; sourceTree = "<group>"; };
		32262E2D2B10AB520091EC49 /* Base */ = {isa = PBXFileReference; lastKnownFileType = file.storyboard; name = Base; path = Base.lproj/LaunchScreen.storyboard; sourceTree = "<group>"; };
		32262E2F2B10AB520091EC49 /* Info.plist */ = {isa = PBXFileReference; lastKnownFileType = text.plist.xml; path = Info.plist; sourceTree = "<group>"; };
		32262E342B10AB530091EC49 /* PhotoramaTests.xctest */ = {isa = PBXFileReference; explicitFileType = wrapper.cfbundle; includeInIndex = 0; path = PhotoramaTests.xctest; sourceTree = BUILT_PRODUCTS_DIR; };
		32262E382B10AB530091EC49 /* PhotoramaTests.swift */ = {isa = PBXFileReference; lastKnownFileType = sourcecode.swift; path = PhotoramaTests.swift; sourceTree = "<group>"; };
		32262E3E2B10AB530091EC49 /* PhotoramaUITests.xctest */ = {isa = PBXFileReference; explicitFileType = wrapper.cfbundle; includeInIndex = 0; path = PhotoramaUITests.xctest; sourceTree = BUILT_PRODUCTS_DIR; };
		32262E422B10AB530091EC49 /* PhotoramaUITests.swift */ = {isa = PBXFileReference; lastKnownFileType = sourcecode.swift; path = PhotoramaUITests.swift; sourceTree = "<group>"; };
		32262E442B10AB530091EC49 /* PhotoramaUITestsLaunchTests.swift */ = {isa = PBXFileReference; lastKnownFileType = sourcecode.swift; path = PhotoramaUITestsLaunchTests.swift; sourceTree = "<group>"; };
		32262E512B10AD1B0091EC49 /* FlickrAPI.swift */ = {isa = PBXFileReference; lastKnownFileType = sourcecode.swift; path = FlickrAPI.swift; sourceTree = "<group>"; };
		32262E532B10AFC10091EC49 /* PhotoStore.swift */ = {isa = PBXFileReference; lastKnownFileType = sourcecode.swift; path = PhotoStore.swift; sourceTree = "<group>"; };
		32262E552B10B2430091EC49 /* FlickrPhoto.swift */ = {isa = PBXFileReference; lastKnownFileType = sourcecode.swift; path = FlickrPhoto.swift; sourceTree = "<group>"; };
		32262E572B10BAC90091EC49 /* PhotoDataSource.swift */ = {isa = PBXFileReference; lastKnownFileType = sourcecode.swift; path = PhotoDataSource.swift; sourceTree = "<group>"; };
		32262E592B10BF340091EC49 /* PhotoCollectionViewCell.swift */ = {isa = PBXFileReference; lastKnownFileType = sourcecode.swift; path = PhotoCollectionViewCell.swift; sourceTree = "<group>"; };
		32262E5B2B10C31E0091EC49 /* ImageStore.swift */ = {isa = PBXFileReference; lastKnownFileType = sourcecode.swift; path = ImageStore.swift; sourceTree = "<group>"; };
		32262E5D2B10C6C90091EC49 /* PhotoInfoViewController.swift */ = {isa = PBXFileReference; lastKnownFileType = sourcecode.swift; path = PhotoInfoViewController.swift; sourceTree = "<group>"; };
		328AE80A2B14449100637AD4 /* Photorama.xcdatamodel */ = {isa = PBXFileReference; lastKnownFileType = wrapper.xcdatamodel; path = Photorama.xcdatamodel; sourceTree = "<group>"; };
		328AE80C2B1447EC00637AD4 /* Photo+CoreDataClass.swift */ = {isa = PBXFileReference; lastKnownFileType = sourcecode.swift; path = "Photo+CoreDataClass.swift"; sourceTree = "<group>"; };
		328AE80D2B1447EC00637AD4 /* Photo+CoreDataProperties.swift */ = {isa = PBXFileReference; lastKnownFileType = sourcecode.swift; path = "Photo+CoreDataProperties.swift"; sourceTree = "<group>"; };
/* End PBXFileReference section */

/* Begin PBXFrameworksBuildPhase section */
		32262E1B2B10AB510091EC49 /* Frameworks */ = {
			isa = PBXFrameworksBuildPhase;
			buildActionMask = 2147483647;
			files = (
			);
			runOnlyForDeploymentPostprocessing = 0;
		};
		32262E312B10AB530091EC49 /* Frameworks */ = {
			isa = PBXFrameworksBuildPhase;
			buildActionMask = 2147483647;
			files = (
			);
			runOnlyForDeploymentPostprocessing = 0;
		};
		32262E3B2B10AB530091EC49 /* Frameworks */ = {
			isa = PBXFrameworksBuildPhase;
			buildActionMask = 2147483647;
			files = (
			);
			runOnlyForDeploymentPostprocessing = 0;
		};
/* End PBXFrameworksBuildPhase section */

/* Begin PBXGroup section */
		32262E152B10AB510091EC49 = {
			isa = PBXGroup;
			children = (
				32262E202B10AB510091EC49 /* Photorama */,
				32262E372B10AB530091EC49 /* PhotoramaTests */,
				32262E412B10AB530091EC49 /* PhotoramaUITests */,
				32262E1F2B10AB510091EC49 /* Products */,
			);
			sourceTree = "<group>";
		};
		32262E1F2B10AB510091EC49 /* Products */ = {
			isa = PBXGroup;
			children = (
				32262E1E2B10AB510091EC49 /* Photorama.app */,
				32262E342B10AB530091EC49 /* PhotoramaTests.xctest */,
				32262E3E2B10AB530091EC49 /* PhotoramaUITests.xctest */,
			);
			name = Products;
			sourceTree = "<group>";
		};
		32262E202B10AB510091EC49 /* Photorama */ = {
			isa = PBXGroup;
			children = (
				328AE8102B1498AB00637AD4 /* CoreData */,
				32262E5B2B10C31E0091EC49 /* ImageStore.swift */,
				32262E5D2B10C6C90091EC49 /* PhotoInfoViewController.swift */,
				32262E212B10AB510091EC49 /* AppDelegate.swift */,
				32262E232B10AB510091EC49 /* SceneDelegate.swift */,
				32262E252B10AB510091EC49 /* PhotosViewController.swift */,
				32262E572B10BAC90091EC49 /* PhotoDataSource.swift */,
				32262E552B10B2430091EC49 /* FlickrPhoto.swift */,
				32262E272B10AB510091EC49 /* Main.storyboard */,
				32262E592B10BF340091EC49 /* PhotoCollectionViewCell.swift */,
				32262E512B10AD1B0091EC49 /* FlickrAPI.swift */,
				32262E532B10AFC10091EC49 /* PhotoStore.swift */,
				32262E2A2B10AB520091EC49 /* Assets.xcassets */,
				32262E2C2B10AB520091EC49 /* LaunchScreen.storyboard */,
				32262E2F2B10AB520091EC49 /* Info.plist */,
			);
			path = Photorama;
			sourceTree = "<group>";
		};
		32262E372B10AB530091EC49 /* PhotoramaTests */ = {
			isa = PBXGroup;
			children = (
				32262E382B10AB530091EC49 /* PhotoramaTests.swift */,
			);
			path = PhotoramaTests;
			sourceTree = "<group>";
		};
		32262E412B10AB530091EC49 /* PhotoramaUITests */ = {
			isa = PBXGroup;
			children = (
				32262E422B10AB530091EC49 /* PhotoramaUITests.swift */,
				32262E442B10AB530091EC49 /* PhotoramaUITestsLaunchTests.swift */,
			);
			path = PhotoramaUITests;
			sourceTree = "<group>";
		};
		328AE8102B1498AB00637AD4 /* CoreData */ = {
			isa = PBXGroup;
			children = (
				328AE80C2B1447EC00637AD4 /* Photo+CoreDataClass.swift */,
				328AE80D2B1447EC00637AD4 /* Photo+CoreDataProperties.swift */,
				328AE8092B14449100637AD4 /* Photorama.xcdatamodeld */,
			);
			path = CoreData;
			sourceTree = "<group>";
		};
/* End PBXGroup section */

/* Begin PBXNativeTarget section */
		32262E1D2B10AB510091EC49 /* Photorama */ = {
			isa = PBXNativeTarget;
			buildConfigurationList = 32262E482B10AB530091EC49 /* Build configuration list for PBXNativeTarget "Photorama" */;
			buildPhases = (
				32262E1A2B10AB510091EC49 /* Sources */,
				32262E1B2B10AB510091EC49 /* Frameworks */,
				32262E1C2B10AB510091EC49 /* Resources */,
			);
			buildRules = (
			);
			dependencies = (
			);
			name = Photorama;
			productName = Photorama;
			productReference = 32262E1E2B10AB510091EC49 /* Photorama.app */;
			productType = "com.apple.product-type.application";
		};
		32262E332B10AB530091EC49 /* PhotoramaTests */ = {
			isa = PBXNativeTarget;
			buildConfigurationList = 32262E4B2B10AB530091EC49 /* Build configuration list for PBXNativeTarget "PhotoramaTests" */;
			buildPhases = (
				32262E302B10AB530091EC49 /* Sources */,
				32262E312B10AB530091EC49 /* Frameworks */,
				32262E322B10AB530091EC49 /* Resources */,
			);
			buildRules = (
			);
			dependencies = (
				32262E362B10AB530091EC49 /* PBXTargetDependency */,
			);
			name = PhotoramaTests;
			productName = PhotoramaTests;
			productReference = 32262E342B10AB530091EC49 /* PhotoramaTests.xctest */;
			productType = "com.apple.product-type.bundle.unit-test";
		};
		32262E3D2B10AB530091EC49 /* PhotoramaUITests */ = {
			isa = PBXNativeTarget;
			buildConfigurationList = 32262E4E2B10AB530091EC49 /* Build configuration list for PBXNativeTarget "PhotoramaUITests" */;
			buildPhases = (
				32262E3A2B10AB530091EC49 /* Sources */,
				32262E3B2B10AB530091EC49 /* Frameworks */,
				32262E3C2B10AB530091EC49 /* Resources */,
			);
			buildRules = (
			);
			dependencies = (
				32262E402B10AB530091EC49 /* PBXTargetDependency */,
			);
			name = PhotoramaUITests;
			productName = PhotoramaUITests;
			productReference = 32262E3E2B10AB530091EC49 /* PhotoramaUITests.xctest */;
			productType = "com.apple.product-type.bundle.ui-testing";
		};
/* End PBXNativeTarget section */

/* Begin PBXProject section */
		32262E162B10AB510091EC49 /* Project object */ = {
			isa = PBXProject;
			attributes = {
				BuildIndependentTargetsInParallel = 1;
				LastSwiftUpdateCheck = 1500;
				LastUpgradeCheck = 1500;
				TargetAttributes = {
					32262E1D2B10AB510091EC49 = {
						CreatedOnToolsVersion = 15.0;
					};
					32262E332B10AB530091EC49 = {
						CreatedOnToolsVersion = 15.0;
						TestTargetID = 32262E1D2B10AB510091EC49;
					};
					32262E3D2B10AB530091EC49 = {
						CreatedOnToolsVersion = 15.0;
						TestTargetID = 32262E1D2B10AB510091EC49;
					};
				};
			};
			buildConfigurationList = 32262E192B10AB510091EC49 /* Build configuration list for PBXProject "Photorama" */;
			compatibilityVersion = "Xcode 14.0";
			developmentRegion = en;
			hasScannedForEncodings = 0;
			knownRegions = (
				en,
				Base,
			);
			mainGroup = 32262E152B10AB510091EC49;
			productRefGroup = 32262E1F2B10AB510091EC49 /* Products */;
			projectDirPath = "";
			projectRoot = "";
			targets = (
				32262E1D2B10AB510091EC49 /* Photorama */,
				32262E332B10AB530091EC49 /* PhotoramaTests */,
				32262E3D2B10AB530091EC49 /* PhotoramaUITests */,
			);
		};
/* End PBXProject section */

/* Begin PBXResourcesBuildPhase section */
		32262E1C2B10AB510091EC49 /* Resources */ = {
			isa = PBXResourcesBuildPhase;
			buildActionMask = 2147483647;
			files = (
				32262E2E2B10AB520091EC49 /* LaunchScreen.storyboard in Resources */,
				32262E2B2B10AB520091EC49 /* Assets.xcassets in Resources */,
				32262E292B10AB510091EC49 /* Main.storyboard in Resources */,
			);
			runOnlyForDeploymentPostprocessing = 0;
		};
		32262E322B10AB530091EC49 /* Resources */ = {
			isa = PBXResourcesBuildPhase;
			buildActionMask = 2147483647;
			files = (
			);
			runOnlyForDeploymentPostprocessing = 0;
		};
		32262E3C2B10AB530091EC49 /* Resources */ = {
			isa = PBXResourcesBuildPhase;
			buildActionMask = 2147483647;
			files = (
			);
			runOnlyForDeploymentPostprocessing = 0;
		};
/* End PBXResourcesBuildPhase section */

/* Begin PBXSourcesBuildPhase section */
		32262E1A2B10AB510091EC49 /* Sources */ = {
			isa = PBXSourcesBuildPhase;
			buildActionMask = 2147483647;
			files = (
				32262E562B10B2430091EC49 /* FlickrPhoto.swift in Sources */,
				328AE80F2B1447EC00637AD4 /* Photo+CoreDataProperties.swift in Sources */,
				32262E5E2B10C6C90091EC49 /* PhotoInfoViewController.swift in Sources */,
				32262E5A2B10BF340091EC49 /* PhotoCollectionViewCell.swift in Sources */,
				32262E582B10BAC90091EC49 /* PhotoDataSource.swift in Sources */,
				32262E262B10AB510091EC49 /* PhotosViewController.swift in Sources */,
				32262E222B10AB510091EC49 /* AppDelegate.swift in Sources */,
				328AE80E2B1447EC00637AD4 /* Photo+CoreDataClass.swift in Sources */,
				32262E5C2B10C31E0091EC49 /* ImageStore.swift in Sources */,
				328AE80B2B14449100637AD4 /* Photorama.xcdatamodeld in Sources */,
				32262E242B10AB510091EC49 /* SceneDelegate.swift in Sources */,
				32262E542B10AFC10091EC49 /* PhotoStore.swift in Sources */,
				32262E522B10AD1B0091EC49 /* FlickrAPI.swift in Sources */,
			);
			runOnlyForDeploymentPostprocessing = 0;
		};
		32262E302B10AB530091EC49 /* Sources */ = {
			isa = PBXSourcesBuildPhase;
			buildActionMask = 2147483647;
			files = (
				32262E392B10AB530091EC49 /* PhotoramaTests.swift in Sources */,
			);
			runOnlyForDeploymentPostprocessing = 0;
		};
		32262E3A2B10AB530091EC49 /* Sources */ = {
			isa = PBXSourcesBuildPhase;
			buildActionMask = 2147483647;
			files = (
				32262E452B10AB530091EC49 /* PhotoramaUITestsLaunchTests.swift in Sources */,
				32262E432B10AB530091EC49 /* PhotoramaUITests.swift in Sources */,
			);
			runOnlyForDeploymentPostprocessing = 0;
		};
/* End PBXSourcesBuildPhase section */

/* Begin PBXTargetDependency section */
		32262E362B10AB530091EC49 /* PBXTargetDependency */ = {
			isa = PBXTargetDependency;
			target = 32262E1D2B10AB510091EC49 /* Photorama */;
			targetProxy = 32262E352B10AB530091EC49 /* PBXContainerItemProxy */;
		};
		32262E402B10AB530091EC49 /* PBXTargetDependency */ = {
			isa = PBXTargetDependency;
			target = 32262E1D2B10AB510091EC49 /* Photorama */;
			targetProxy = 32262E3F2B10AB530091EC49 /* PBXContainerItemProxy */;
		};
/* End PBXTargetDependency section */

/* Begin PBXVariantGroup section */
		32262E272B10AB510091EC49 /* Main.storyboard */ = {
			isa = PBXVariantGroup;
			children = (
				32262E282B10AB510091EC49 /* Base */,
			);
			name = Main.storyboard;
			sourceTree = "<group>";
		};
		32262E2C2B10AB520091EC49 /* LaunchScreen.storyboard */ = {
			isa = PBXVariantGroup;
			children = (
				32262E2D2B10AB520091EC49 /* Base */,
			);
			name = LaunchScreen.storyboard;
			sourceTree = "<group>";
		};
/* End PBXVariantGroup section */

/* Begin XCBuildConfiguration section */
		32262E462B10AB530091EC49 /* Debug */ = {
			isa = XCBuildConfiguration;
			buildSettings = {
				ALWAYS_SEARCH_USER_PATHS = NO;
				ASSETCATALOG_COMPILER_GENERATE_SWIFT_ASSET_SYMBOL_EXTENSIONS = YES;
				CLANG_ANALYZER_NONNULL = YES;
				CLANG_ANALYZER_NUMBER_OBJECT_CONVERSION = YES_AGGRESSIVE;
				CLANG_CXX_LANGUAGE_STANDARD = "gnu++20";
				CLANG_ENABLE_MODULES = YES;
				CLANG_ENABLE_OBJC_ARC = YES;
				CLANG_ENABLE_OBJC_WEAK = YES;
				CLANG_WARN_BLOCK_CAPTURE_AUTORELEASING = YES;
				CLANG_WARN_BOOL_CONVERSION = YES;
				CLANG_WARN_COMMA = YES;
				CLANG_WARN_CONSTANT_CONVERSION = YES;
				CLANG_WARN_DEPRECATED_OBJC_IMPLEMENTATIONS = YES;
				CLANG_WARN_DIRECT_OBJC_ISA_USAGE = YES_ERROR;
				CLANG_WARN_DOCUMENTATION_COMMENTS = YES;
				CLANG_WARN_EMPTY_BODY = YES;
				CLANG_WARN_ENUM_CONVERSION = YES;
				CLANG_WARN_INFINITE_RECURSION = YES;
				CLANG_WARN_INT_CONVERSION = YES;
				CLANG_WARN_NON_LITERAL_NULL_CONVERSION = YES;
				CLANG_WARN_OBJC_IMPLICIT_RETAIN_SELF = YES;
				CLANG_WARN_OBJC_LITERAL_CONVERSION = YES;
				CLANG_WARN_OBJC_ROOT_CLASS = YES_ERROR;
				CLANG_WARN_QUOTED_INCLUDE_IN_FRAMEWORK_HEADER = YES;
				CLANG_WARN_RANGE_LOOP_ANALYSIS = YES;
				CLANG_WARN_STRICT_PROTOTYPES = YES;
				CLANG_WARN_SUSPICIOUS_MOVE = YES;
				CLANG_WARN_UNGUARDED_AVAILABILITY = YES_AGGRESSIVE;
				CLANG_WARN_UNREACHABLE_CODE = YES;
				CLANG_WARN__DUPLICATE_METHOD_MATCH = YES;
				COPY_PHASE_STRIP = NO;
				DEBUG_INFORMATION_FORMAT = dwarf;
				ENABLE_STRICT_OBJC_MSGSEND = YES;
				ENABLE_TESTABILITY = YES;
				ENABLE_USER_SCRIPT_SANDBOXING = YES;
				GCC_C_LANGUAGE_STANDARD = gnu17;
				GCC_DYNAMIC_NO_PIC = NO;
				GCC_NO_COMMON_BLOCKS = YES;
				GCC_OPTIMIZATION_LEVEL = 0;
				GCC_PREPROCESSOR_DEFINITIONS = (
					"DEBUG=1",
					"$(inherited)",
				);
				GCC_WARN_64_TO_32_BIT_CONVERSION = YES;
				GCC_WARN_ABOUT_RETURN_TYPE = YES_ERROR;
				GCC_WARN_UNDECLARED_SELECTOR = YES;
				GCC_WARN_UNINITIALIZED_AUTOS = YES_AGGRESSIVE;
				GCC_WARN_UNUSED_FUNCTION = YES;
				GCC_WARN_UNUSED_VARIABLE = YES;
				IPHONEOS_DEPLOYMENT_TARGET = 17.0;
				LOCALIZATION_PREFERS_STRING_CATALOGS = YES;
				MTL_ENABLE_DEBUG_INFO = INCLUDE_SOURCE;
				MTL_FAST_MATH = YES;
				ONLY_ACTIVE_ARCH = YES;
				SDKROOT = iphoneos;
				SWIFT_ACTIVE_COMPILATION_CONDITIONS = "DEBUG $(inherited)";
				SWIFT_OPTIMIZATION_LEVEL = "-Onone";
			};
			name = Debug;
		};
		32262E472B10AB530091EC49 /* Release */ = {
			isa = XCBuildConfiguration;
			buildSettings = {
				ALWAYS_SEARCH_USER_PATHS = NO;
				ASSETCATALOG_COMPILER_GENERATE_SWIFT_ASSET_SYMBOL_EXTENSIONS = YES;
				CLANG_ANALYZER_NONNULL = YES;
				CLANG_ANALYZER_NUMBER_OBJECT_CONVERSION = YES_AGGRESSIVE;
				CLANG_CXX_LANGUAGE_STANDARD = "gnu++20";
				CLANG_ENABLE_MODULES = YES;
				CLANG_ENABLE_OBJC_ARC = YES;
				CLANG_ENABLE_OBJC_WEAK = YES;
				CLANG_WARN_BLOCK_CAPTURE_AUTORELEASING = YES;
				CLANG_WARN_BOOL_CONVERSION = YES;
				CLANG_WARN_COMMA = YES;
				CLANG_WARN_CONSTANT_CONVERSION = YES;
				CLANG_WARN_DEPRECATED_OBJC_IMPLEMENTATIONS = YES;
				CLANG_WARN_DIRECT_OBJC_ISA_USAGE = YES_ERROR;
				CLANG_WARN_DOCUMENTATION_COMMENTS = YES;
				CLANG_WARN_EMPTY_BODY = YES;
				CLANG_WARN_ENUM_CONVERSION = YES;
				CLANG_WARN_INFINITE_RECURSION = YES;
				CLANG_WARN_INT_CONVERSION = YES;
				CLANG_WARN_NON_LITERAL_NULL_CONVERSION = YES;
				CLANG_WARN_OBJC_IMPLICIT_RETAIN_SELF = YES;
				CLANG_WARN_OBJC_LITERAL_CONVERSION = YES;
				CLANG_WARN_OBJC_ROOT_CLASS = YES_ERROR;
				CLANG_WARN_QUOTED_INCLUDE_IN_FRAMEWORK_HEADER = YES;
				CLANG_WARN_RANGE_LOOP_ANALYSIS = YES;
				CLANG_WARN_STRICT_PROTOTYPES = YES;
				CLANG_WARN_SUSPICIOUS_MOVE = YES;
				CLANG_WARN_UNGUARDED_AVAILABILITY = YES_AGGRESSIVE;
				CLANG_WARN_UNREACHABLE_CODE = YES;
				CLANG_WARN__DUPLICATE_METHOD_MATCH = YES;
				COPY_PHASE_STRIP = NO;
				DEBUG_INFORMATION_FORMAT = "dwarf-with-dsym";
				ENABLE_NS_ASSERTIONS = NO;
				ENABLE_STRICT_OBJC_MSGSEND = YES;
				ENABLE_USER_SCRIPT_SANDBOXING = YES;
				GCC_C_LANGUAGE_STANDARD = gnu17;
				GCC_NO_COMMON_BLOCKS = YES;
				GCC_WARN_64_TO_32_BIT_CONVERSION = YES;
				GCC_WARN_ABOUT_RETURN_TYPE = YES_ERROR;
				GCC_WARN_UNDECLARED_SELECTOR = YES;
				GCC_WARN_UNINITIALIZED_AUTOS = YES_AGGRESSIVE;
				GCC_WARN_UNUSED_FUNCTION = YES;
				GCC_WARN_UNUSED_VARIABLE = YES;
				IPHONEOS_DEPLOYMENT_TARGET = 17.0;
				LOCALIZATION_PREFERS_STRING_CATALOGS = YES;
				MTL_ENABLE_DEBUG_INFO = NO;
				MTL_FAST_MATH = YES;
				SDKROOT = iphoneos;
				SWIFT_COMPILATION_MODE = wholemodule;
				VALIDATE_PRODUCT = YES;
			};
			name = Release;
		};
		32262E492B10AB530091EC49 /* Debug */ = {
			isa = XCBuildConfiguration;
			buildSettings = {
				ASSETCATALOG_COMPILER_APPICON_NAME = AppIcon;
				ASSETCATALOG_COMPILER_GLOBAL_ACCENT_COLOR_NAME = AccentColor;
				CODE_SIGN_STYLE = Automatic;
				CURRENT_PROJECT_VERSION = 1;
				GENERATE_INFOPLIST_FILE = YES;
				INFOPLIST_FILE = Photorama/Info.plist;
				INFOPLIST_KEY_UIApplicationSupportsIndirectInputEvents = YES;
				INFOPLIST_KEY_UILaunchStoryboardName = LaunchScreen;
				INFOPLIST_KEY_UIMainStoryboardFile = Main;
				INFOPLIST_KEY_UISupportedInterfaceOrientations_iPad = "UIInterfaceOrientationPortrait UIInterfaceOrientationPortraitUpsideDown UIInterfaceOrientationLandscapeLeft UIInterfaceOrientationLandscapeRight";
				INFOPLIST_KEY_UISupportedInterfaceOrientations_iPhone = "UIInterfaceOrientationPortrait UIInterfaceOrientationLandscapeLeft UIInterfaceOrientationLandscapeRight";
				LD_RUNPATH_SEARCH_PATHS = (
					"$(inherited)",
					"@executable_path/Frameworks",
				);
				MARKETING_VERSION = 1.0;
				PRODUCT_BUNDLE_IDENTIFIER = pip.Photorama;
				PRODUCT_NAME = "$(TARGET_NAME)";
				SWIFT_EMIT_LOC_STRINGS = YES;
				SWIFT_VERSION = 5.0;
				TARGETED_DEVICE_FAMILY = "1,2";
			};
			name = Debug;
		};
		32262E4A2B10AB530091EC49 /* Release */ = {
			isa = XCBuildConfiguration;
			buildSettings = {
				ASSETCATALOG_COMPILER_APPICON_NAME = AppIcon;
				ASSETCATALOG_COMPILER_GLOBAL_ACCENT_COLOR_NAME = AccentColor;
				CODE_SIGN_STYLE = Automatic;
				CURRENT_PROJECT_VERSION = 1;
				GENERATE_INFOPLIST_FILE = YES;
				INFOPLIST_FILE = Photorama/Info.plist;
				INFOPLIST_KEY_UIApplicationSupportsIndirectInputEvents = YES;
				INFOPLIST_KEY_UILaunchStoryboardName = LaunchScreen;
				INFOPLIST_KEY_UIMainStoryboardFile = Main;
				INFOPLIST_KEY_UISupportedInterfaceOrientations_iPad = "UIInterfaceOrientationPortrait UIInterfaceOrientationPortraitUpsideDown UIInterfaceOrientationLandscapeLeft UIInterfaceOrientationLandscapeRight";
				INFOPLIST_KEY_UISupportedInterfaceOrientations_iPhone = "UIInterfaceOrientationPortrait UIInterfaceOrientationLandscapeLeft UIInterfaceOrientationLandscapeRight";
				LD_RUNPATH_SEARCH_PATHS = (
					"$(inherited)",
					"@executable_path/Frameworks",
				);
				MARKETING_VERSION = 1.0;
				PRODUCT_BUNDLE_IDENTIFIER = pip.Photorama;
				PRODUCT_NAME = "$(TARGET_NAME)";
				SWIFT_EMIT_LOC_STRINGS = YES;
				SWIFT_VERSION = 5.0;
				TARGETED_DEVICE_FAMILY = "1,2";
			};
			name = Release;
		};
		32262E4C2B10AB530091EC49 /* Debug */ = {
			isa = XCBuildConfiguration;
			buildSettings = {
				ALWAYS_EMBED_SWIFT_STANDARD_LIBRARIES = YES;
				BUNDLE_LOADER = "$(TEST_HOST)";
				CODE_SIGN_STYLE = Automatic;
				CURRENT_PROJECT_VERSION = 1;
				GENERATE_INFOPLIST_FILE = YES;
				IPHONEOS_DEPLOYMENT_TARGET = 17.0;
				MARKETING_VERSION = 1.0;
				PRODUCT_BUNDLE_IDENTIFIER = pip.PhotoramaTests;
				PRODUCT_NAME = "$(TARGET_NAME)";
				SWIFT_EMIT_LOC_STRINGS = NO;
				SWIFT_VERSION = 5.0;
				TARGETED_DEVICE_FAMILY = "1,2";
				TEST_HOST = "$(BUILT_PRODUCTS_DIR)/Photorama.app/$(BUNDLE_EXECUTABLE_FOLDER_PATH)/Photorama";
			};
			name = Debug;
		};
		32262E4D2B10AB530091EC49 /* Release */ = {
			isa = XCBuildConfiguration;
			buildSettings = {
				ALWAYS_EMBED_SWIFT_STANDARD_LIBRARIES = YES;
				BUNDLE_LOADER = "$(TEST_HOST)";
				CODE_SIGN_STYLE = Automatic;
				CURRENT_PROJECT_VERSION = 1;
				GENERATE_INFOPLIST_FILE = YES;
				IPHONEOS_DEPLOYMENT_TARGET = 17.0;
				MARKETING_VERSION = 1.0;
				PRODUCT_BUNDLE_IDENTIFIER = pip.PhotoramaTests;
				PRODUCT_NAME = "$(TARGET_NAME)";
				SWIFT_EMIT_LOC_STRINGS = NO;
				SWIFT_VERSION = 5.0;
				TARGETED_DEVICE_FAMILY = "1,2";
				TEST_HOST = "$(BUILT_PRODUCTS_DIR)/Photorama.app/$(BUNDLE_EXECUTABLE_FOLDER_PATH)/Photorama";
			};
			name = Release;
		};
		32262E4F2B10AB530091EC49 /* Debug */ = {
			isa = XCBuildConfiguration;
			buildSettings = {
				ALWAYS_EMBED_SWIFT_STANDARD_LIBRARIES = YES;
				CODE_SIGN_STYLE = Automatic;
				CURRENT_PROJECT_VERSION = 1;
				GENERATE_INFOPLIST_FILE = YES;
				MARKETING_VERSION = 1.0;
				PRODUCT_BUNDLE_IDENTIFIER = pip.PhotoramaUITests;
				PRODUCT_NAME = "$(TARGET_NAME)";
				SWIFT_EMIT_LOC_STRINGS = NO;
				SWIFT_VERSION = 5.0;
				TARGETED_DEVICE_FAMILY = "1,2";
				TEST_TARGET_NAME = Photorama;
			};
			name = Debug;
		};
		32262E502B10AB530091EC49 /* Release */ = {
			isa = XCBuildConfiguration;
			buildSettings = {
				ALWAYS_EMBED_SWIFT_STANDARD_LIBRARIES = YES;
				CODE_SIGN_STYLE = Automatic;
				CURRENT_PROJECT_VERSION = 1;
				GENERATE_INFOPLIST_FILE = YES;
				MARKETING_VERSION = 1.0;
				PRODUCT_BUNDLE_IDENTIFIER = pip.PhotoramaUITests;
				PRODUCT_NAME = "$(TARGET_NAME)";
				SWIFT_EMIT_LOC_STRINGS = NO;
				SWIFT_VERSION = 5.0;
				TARGETED_DEVICE_FAMILY = "1,2";
				TEST_TARGET_NAME = Photorama;
			};
			name = Release;
		};
/* End XCBuildConfiguration section */

/* Begin XCConfigurationList section */
		32262E192B10AB510091EC49 /* Build configuration list for PBXProject "Photorama" */ = {
			isa = XCConfigurationList;
			buildConfigurations = (
				32262E462B10AB530091EC49 /* Debug */,
				32262E472B10AB530091EC49 /* Release */,
			);
			defaultConfigurationIsVisible = 0;
			defaultConfigurationName = Release;
		};
		32262E482B10AB530091EC49 /* Build configuration list for PBXNativeTarget "Photorama" */ = {
			isa = XCConfigurationList;
			buildConfigurations = (
				32262E492B10AB530091EC49 /* Debug */,
				32262E4A2B10AB530091EC49 /* Release */,
			);
			defaultConfigurationIsVisible = 0;
			defaultConfigurationName = Release;
		};
		32262E4B2B10AB530091EC49 /* Build configuration list for PBXNativeTarget "PhotoramaTests" */ = {
			isa = XCConfigurationList;
			buildConfigurations = (
				32262E4C2B10AB530091EC49 /* Debug */,
				32262E4D2B10AB530091EC49 /* Release */,
			);
			defaultConfigurationIsVisible = 0;
			defaultConfigurationName = Release;
		};
		32262E4E2B10AB530091EC49 /* Build configuration list for PBXNativeTarget "PhotoramaUITests" */ = {
			isa = XCConfigurationList;
			buildConfigurations = (
				32262E4F2B10AB530091EC49 /* Debug */,
				32262E502B10AB530091EC49 /* Release */,
			);
			defaultConfigurationIsVisible = 0;
			defaultConfigurationName = Release;
		};
/* End XCConfigurationList section */

/* Begin XCVersionGroup section */
		328AE8092B14449100637AD4 /* Photorama.xcdatamodeld */ = {
			isa = XCVersionGroup;
			children = (
				328AE80A2B14449100637AD4 /* Photorama.xcdatamodel */,
			);
			currentVersion = 328AE80A2B14449100637AD4 /* Photorama.xcdatamodel */;
			path = Photorama.xcdatamodeld;
			sourceTree = "<group>";
			versionGroupType = wrapper.xcdatamodel;
		};
/* End XCVersionGroup section */
	};
	rootObject = 32262E162B10AB510091EC49 /* Project object */;
}
